
Microsoft Visual Studio Solution File, Format Version 12.00
# Visual Studio Version 16
Project("{8BC9CEB8-8B4A-11D0-8D11-00A0C91BC942}") = "eNgine", "eNgine.vcxproj", "{ABCF439D-BAC3-36BE-AF04-60BD6732ADF1}"
	ProjectSection(ProjectDependencies) = postProject
		{99791345-7501-3F31-BE86-52901A97ECDC} = {99791345-7501-3F31-BE86-52901A97ECDC}
	EndProjectSection
EndProject
Project("{8BC9CEB8-8B4A-11D0-8D11-00A0C91BC942}") = "ALL_BUILD", "ALL_BUILD.vcxproj", "{FC0C7E21-27DC-3CAE-9974-CC3C7BE32B08}"
	ProjectSection(ProjectDependencies) = postProject
		{99791345-7501-3F31-BE86-52901A97ECDC} = {99791345-7501-3F31-BE86-52901A97ECDC}
		{ABCF439D-BAC3-36BE-AF04-60BD6732ADF1} = {ABCF439D-BAC3-36BE-AF04-60BD6732ADF1}
	EndProjectSection
EndProject
Project("{8BC9CEB8-8B4A-11D0-8D11-00A0C91BC942}") = "ZERO_CHECK", "ZERO_CHECK.vcxproj", "{99791345-7501-3F31-BE86-52901A97ECDC}"
	ProjectSection(ProjectDependencies) = postProject
	EndProjectSection
EndProject
Global
	GlobalSection(SolutionConfigurationPlatforms) = preSolution
		Debug|x64 = Debug|x64
		Release|x64 = Release|x64
		MinSizeRel|x64 = MinSizeRel|x64
		RelWithDebInfo|x64 = RelWithDebInfo|x64
	EndGlobalSection
	GlobalSection(ProjectConfigurationPlatforms) = postSolution
		{ABCF439D-BAC3-36BE-AF04-60BD6732ADF1}.Debug|x64.ActiveCfg = Debug|x64
		{ABCF439D-BAC3-36BE-AF04-60BD6732ADF1}.Debug|x64.Build.0 = Debug|x64
		{ABCF439D-BAC3-36BE-AF04-60BD6732ADF1}.Release|x64.ActiveCfg = Release|x64
		{ABCF439D-BAC3-36BE-AF04-60BD6732ADF1}.Release|x64.Build.0 = Release|x64
		{ABCF439D-BAC3-36BE-AF04-60BD6732ADF1}.MinSizeRel|x64.ActiveCfg = MinSizeRel|x64
		{ABCF439D-BAC3-36BE-AF04-60BD6732ADF1}.MinSizeRel|x64.Build.0 = MinSizeRel|x64
		{ABCF439D-BAC3-36BE-AF04-60BD6732ADF1}.RelWithDebInfo|x64.ActiveCfg = RelWithDebInfo|x64
		{ABCF439D-BAC3-36BE-AF04-60BD6732ADF1}.RelWithDebInfo|x64.Build.0 = RelWithDebInfo|x64
		{FC0C7E21-27DC-3CAE-9974-CC3C7BE32B08}.Debug|x64.ActiveCfg = Debug|x64
		{FC0C7E21-27DC-3CAE-9974-CC3C7BE32B08}.Release|x64.ActiveCfg = Release|x64
		{FC0C7E21-27DC-3CAE-9974-CC3C7BE32B08}.MinSizeRel|x64.ActiveCfg = MinSizeRel|x64
		{FC0C7E21-27DC-3CAE-9974-CC3C7BE32B08}.RelWithDebInfo|x64.ActiveCfg = RelWithDebInfo|x64
		{99791345-7501-3F31-BE86-52901A97ECDC}.Debug|x64.ActiveCfg = Debug|x64
		{99791345-7501-3F31-BE86-52901A97ECDC}.Debug|x64.Build.0 = Debug|x64
		{99791345-7501-3F31-BE86-52901A97ECDC}.Release|x64.ActiveCfg = Release|x64
		{99791345-7501-3F31-BE86-52901A97ECDC}.Release|x64.Build.0 = Release|x64
		{99791345-7501-3F31-BE86-52901A97ECDC}.MinSizeRel|x64.ActiveCfg = MinSizeRel|x64
		{99791345-7501-3F31-BE86-52901A97ECDC}.MinSizeRel|x64.Build.0 = MinSizeRel|x64
		{99791345-7501-3F31-BE86-52901A97ECDC}.RelWithDebInfo|x64.ActiveCfg = RelWithDebInfo|x64
		{99791345-7501-3F31-BE86-52901A97ECDC}.RelWithDebInfo|x64.Build.0 = RelWithDebInfo|x64
	EndGlobalSection
	GlobalSection(ExtensibilityGlobals) = postSolution
		SolutionGuid = {1BD618FE-13EE-3266-BB3C-EF4D8340B5FA}
	EndGlobalSection
	GlobalSection(ExtensibilityAddIns) = postSolution
	EndGlobalSection
EndGlobal
